
Microsoft Visual Studio Solution File, Format Version 12.00
# Visual Studio Version 16
VisualStudioVersion = 16.0.30413.136
MinimumVisualStudioVersion = 10.0.40219.1
Project("{FAE04EC0-301F-11D3-BF4B-00C04F79EFBC}") = "app28", "app28\app28.csproj", "{E7593D08-EBDB-4020-9E54-46CC9CE56FC3}"
EndProject
Global
	GlobalSection(SolutionConfigurationPlatforms) = preSolution
		Debug|Any CPU = Debug|Any CPU
		Release|Any CPU = Release|Any CPU
	EndGlobalSection
	GlobalSection(ProjectConfigurationPlatforms) = postSolution
		{E7593D08-EBDB-4020-9E54-46CC9CE56FC3}.Debug|Any CPU.ActiveCfg = Debug|Any CPU
		{E7593D08-EBDB-4020-9E54-46CC9CE56FC3}.Debug|Any CPU.Build.0 = Debug|Any CPU
		{E7593D08-EBDB-4020-9E54-46CC9CE56FC3}.Release|Any CPU.ActiveCfg = Release|Any CPU
		{E7593D08-EBDB-4020-9E54-46CC9CE56FC3}.Release|Any CPU.Build.0 = Release|Any CPU
	EndGlobalSection
	GlobalSection(SolutionProperties) = preSolution
		HideSolutionNode = FALSE
	EndGlobalSection
	GlobalSection(ExtensibilityGlobals) = postSolution
		SolutionGuid = {41A1A144-37B0-4C35-A474-52969A32AF2E}
	EndGlobalSection
EndGlobal
